# This file was autogenerated by uv via the following command:
#    uv export --dev --format=requirements-txt --no-hashes --no-emit-project --output-file=tests/requirements-testing.lock
annotated-types==0.7.0
    # via pydantic
colorama==0.4.6 ; sys_platform == 'win32'
    # via pytest
coverage==7.13.4
    # via pytest-cov
iniconfig==2.3.0
    # via pytest
packaging==26.0
    # via pytest
pluggy==1.6.0
    # via
    #   pytest
    #   pytest-cov
pydantic==2.12.5
    # via swegov-opendata
pydantic-core==2.41.5
    # via pydantic
pygments==2.19.2
    # via pytest
pytest==9.1.1
    # via
    #   pytest-cov
    #   syrupy
pytest-cov==7.0.0
ruff==0.16.10
syrupy==6.1.1
tomli==2.4.0 ; python_full_version <= '3.11'
    # via coverage
ty==0.0.84
typing-extensions==4.15.0
    # via
    #   pydantic
    #   pydantic-core
    #   typing-inspection
typing-inspection==0.4.2
    # via pydantic
